{
	"name": "tmt2",
	"version": "2.0.0",
	"lockfileVersion": 2,
	"requires": true,
	"packages": {
		"": {
			"name": "tmt2",
			"version": "2.0.0",
			"license": "MIT",
			"devDependencies": {
				"prettier": "^3.1.1",
				"prettier-plugin-tailwindcss": "^0.5.11"
			}
		},
		"node_modules/prettier": {
			"version": "3.1.1",
			"resolved": "https://registry.npmjs.org/prettier/-/prettier-3.1.1.tgz",
			"integrity": "sha512-22UbSzg8luF4UuZtzgiUOfcGM8s4tjBv6dJRT7j275NXsy2jb4aJa4NNveul5x4eqlF1wuhuR2RElK71RvmVaw==",
			"dev": true,
			"bin": {
				"prettier": "bin/prettier.cjs"
			},
			"engines": {
				"node": ">=14"
			},
			"funding": {
				"url": "https://github.com/prettier/prettier?sponsor=1"
			}
		},
		"node_modules/prettier-plugin-tailwindcss": {
			"version": "0.5.11",
			"resolved": "https://registry.npmjs.org/prettier-plugin-tailwindcss/-/prettier-plugin-tailwindcss-0.5.11.tgz",
			"integrity": "sha512-AvI/DNyMctyyxGOjyePgi/gqj5hJYClZ1avtQvLlqMT3uDZkRbi4HhGUpok3DRzv9z7Lti85Kdj3s3/1CeNI0w==",
			"dev": true,
			"engines": {
				"node": ">=14.21.3"
			},
			"peerDependencies": {
				"@ianvs/prettier-plugin-sort-imports": "*",
				"@prettier/plugin-pug": "*",
				"@shopify/prettier-plugin-liquid": "*",
				"@trivago/prettier-plugin-sort-imports": "*",
				"prettier": "^3.0",
				"prettier-plugin-astro": "*",
				"prettier-plugin-css-order": "*",
				"prettier-plugin-import-sort": "*",
				"prettier-plugin-jsdoc": "*",
				"prettier-plugin-marko": "*",
				"prettier-plugin-organize-attributes": "*",
				"prettier-plugin-organize-imports": "*",
				"prettier-plugin-style-order": "*",
				"prettier-plugin-svelte": "*"
			},
			"peerDependenciesMeta": {
				"@ianvs/prettier-plugin-sort-imports": {
					"optional": true
				},
				"@prettier/plugin-pug": {
					"optional": true
				},
				"@shopify/prettier-plugin-liquid": {
					"optional": true
				},
				"@trivago/prettier-plugin-sort-imports": {
					"optional": true
				},
				"prettier-plugin-astro": {
					"optional": true
				},
				"prettier-plugin-css-order": {
					"optional": true
				},
				"prettier-plugin-import-sort": {
					"optional": true
				},
				"prettier-plugin-jsdoc": {
					"optional": true
				},
				"prettier-plugin-marko": {
					"optional": true
				},
				"prettier-plugin-organize-attributes": {
					"optional": true
				},
				"prettier-plugin-organize-imports": {
					"optional": true
				},
				"prettier-plugin-style-order": {
					"optional": true
				},
				"prettier-plugin-svelte": {
					"optional": true
				},
				"prettier-plugin-twig-melody": {
					"optional": true
				}
			}
		}
	},
	"dependencies": {
		"prettier": {
			"version": "3.1.1",
			"resolved": "https://registry.npmjs.org/prettier/-/prettier-3.1.1.tgz",
			"integrity": "sha512-22UbSzg8luF4UuZtzgiUOfcGM8s4tjBv6dJRT7j275NXsy2jb4aJa4NNveul5x4eqlF1wuhuR2RElK71RvmVaw==",
			"dev": true
		},
		"prettier-plugin-tailwindcss": {
			"version": "0.5.11",
			"resolved": "https://registry.npmjs.org/prettier-plugin-tailwindcss/-/prettier-plugin-tailwindcss-0.5.11.tgz",
			"integrity": "sha512-AvI/DNyMctyyxGOjyePgi/gqj5hJYClZ1avtQvLlqMT3uDZkRbi4HhGUpok3DRzv9z7Lti85Kdj3s3/1CeNI0w==",
			"dev": true,
			"requires": {}
		}
	}
}
